
Microsoft Visual Studio Solution File, Format Version 12.00
# Visual Studio 15
VisualStudioVersion = 15.0.26730.15
MinimumVisualStudioVersion = 10.0.40219.1
Project("{FAE04EC0-301F-11D3-BF4B-00C04F79EFBC}") = "azure_ratecard", "azure_ratecard\azure_ratecard.csproj", "{BA27A02F-5A16-45F6-A9F8-EA79BC500275}"
EndProject
Project("{2150E333-8FDC-42A3-9474-1A3956D46DE8}") = "Solution Items", "Solution Items", "{86B64CC0-C9D0-4251-B48E-5E7B823C2B66}"
	ProjectSection(SolutionItems) = preProject
		.travis.yml = .travis.yml
		azure_ratecard.nuspec = azure_ratecard.nuspec
	EndProjectSection
EndProject
Project("{FAE04EC0-301F-11D3-BF4B-00C04F79EFBC}") = "azure_ratecard_nunit", "azure_ratecard_nunit\azure_ratecard_nunit.csproj", "{8EDF4429-251A-416D-BB68-93F227191BCF}"
EndProject
Global
	GlobalSection(SolutionConfigurationPlatforms) = preSolution
		Debug|Any CPU = Debug|Any CPU
		Release|Any CPU = Release|Any CPU
	EndGlobalSection
	GlobalSection(ProjectConfigurationPlatforms) = postSolution
		{BA27A02F-5A16-45F6-A9F8-EA79BC500275}.Debug|Any CPU.ActiveCfg = Debug|Any CPU
		{BA27A02F-5A16-45F6-A9F8-EA79BC500275}.Debug|Any CPU.Build.0 = Debug|Any CPU
		{BA27A02F-5A16-45F6-A9F8-EA79BC500275}.Release|Any CPU.ActiveCfg = Release|Any CPU
		{BA27A02F-5A16-45F6-A9F8-EA79BC500275}.Release|Any CPU.Build.0 = Release|Any CPU
		{8EDF4429-251A-416D-BB68-93F227191BCF}.Debug|Any CPU.ActiveCfg = Debug|Any CPU
		{8EDF4429-251A-416D-BB68-93F227191BCF}.Debug|Any CPU.Build.0 = Debug|Any CPU
		{8EDF4429-251A-416D-BB68-93F227191BCF}.Release|Any CPU.ActiveCfg = Release|Any CPU
		{8EDF4429-251A-416D-BB68-93F227191BCF}.Release|Any CPU.Build.0 = Release|Any CPU
	EndGlobalSection
	GlobalSection(SolutionProperties) = preSolution
		HideSolutionNode = FALSE
	EndGlobalSection
	GlobalSection(ExtensibilityGlobals) = postSolution
		SolutionGuid = {8A999773-9E2A-4789-91FA-C31AD8FF83EE}
	EndGlobalSection
EndGlobal
